
Microsoft Visual Studio Solution File, Format Version 12.00
# Visual Studio Version 16
VisualStudioVersion = 16.0.31624.102
MinimumVisualStudioVersion = 10.0.40219.1
Project("{FAE04EC0-301F-11D3-BF4B-00C04F79EFBC}") = "MVC", "MVC\MVC.csproj", "{395111F3-EA7D-4055-B4D8-4502BD2D436D}"
EndProject
Project("{FAE04EC0-301F-11D3-BF4B-00C04F79EFBC}") = "WebAPI", "WebAPI\WebAPI.csproj", "{511835A1-FBDD-4A5D-85EC-0B9A19736916}"
EndProject
Project("{FAE04EC0-301F-11D3-BF4B-00C04F79EFBC}") = "WinForms", "WinForms\WinForms.csproj", "{3F1985AC-9A5A-48A6-86A2-8FF42FF80DD9}"
EndProject
Project("{FAE04EC0-301F-11D3-BF4B-00C04F79EFBC}") = "Test", "Test\Test.csproj", "{92C2B8AD-C11D-47AC-BC97-463C6D9AF543}"
EndProject
Global
	GlobalSection(SolutionConfigurationPlatforms) = preSolution
		Debug|Any CPU = Debug|Any CPU
		Release|Any CPU = Release|Any CPU
	EndGlobalSection
	GlobalSection(ProjectConfigurationPlatforms) = postSolution
		{395111F3-EA7D-4055-B4D8-4502BD2D436D}.Debug|Any CPU.ActiveCfg = Debug|Any CPU
		{395111F3-EA7D-4055-B4D8-4502BD2D436D}.Debug|Any CPU.Build.0 = Debug|Any CPU
		{395111F3-EA7D-4055-B4D8-4502BD2D436D}.Release|Any CPU.ActiveCfg = Release|Any CPU
		{395111F3-EA7D-4055-B4D8-4502BD2D436D}.Release|Any CPU.Build.0 = Release|Any CPU
		{511835A1-FBDD-4A5D-85EC-0B9A19736916}.Debug|Any CPU.ActiveCfg = Debug|Any CPU
		{511835A1-FBDD-4A5D-85EC-0B9A19736916}.Debug|Any CPU.Build.0 = Debug|Any CPU
		{511835A1-FBDD-4A5D-85EC-0B9A19736916}.Release|Any CPU.ActiveCfg = Release|Any CPU
		{511835A1-FBDD-4A5D-85EC-0B9A19736916}.Release|Any CPU.Build.0 = Release|Any CPU
		{3F1985AC-9A5A-48A6-86A2-8FF42FF80DD9}.Debug|Any CPU.ActiveCfg = Debug|Any CPU
		{3F1985AC-9A5A-48A6-86A2-8FF42FF80DD9}.Debug|Any CPU.Build.0 = Debug|Any CPU
		{3F1985AC-9A5A-48A6-86A2-8FF42FF80DD9}.Release|Any CPU.ActiveCfg = Release|Any CPU
		{3F1985AC-9A5A-48A6-86A2-8FF42FF80DD9}.Release|Any CPU.Build.0 = Release|Any CPU
		{92C2B8AD-C11D-47AC-BC97-463C6D9AF543}.Debug|Any CPU.ActiveCfg = Debug|Any CPU
		{92C2B8AD-C11D-47AC-BC97-463C6D9AF543}.Debug|Any CPU.Build.0 = Debug|Any CPU
		{92C2B8AD-C11D-47AC-BC97-463C6D9AF543}.Release|Any CPU.ActiveCfg = Release|Any CPU
		{92C2B8AD-C11D-47AC-BC97-463C6D9AF543}.Release|Any CPU.Build.0 = Release|Any CPU
	EndGlobalSection
	GlobalSection(SolutionProperties) = preSolution
		HideSolutionNode = FALSE
	EndGlobalSection
	GlobalSection(ExtensibilityGlobals) = postSolution
		SolutionGuid = {45FF0B5F-0B5A-4E32-82C9-74FE1233AFEF}
	EndGlobalSection
EndGlobal
