
Microsoft Visual Studio Solution File, Format Version 12.00
# Visual Studio Version 16
VisualStudioVersion = 16.0.31729.503
MinimumVisualStudioVersion = 10.0.40219.1
Project("{FAE04EC0-301F-11D3-BF4B-00C04F79EFBC}") = "WinForms", "WinForms\WinForms.csproj", "{B937848C-925D-4CE9-9A9E-DAC19AC0C5FA}"
EndProject
Project("{FAE04EC0-301F-11D3-BF4B-00C04F79EFBC}") = "MVC", "MVC\MVC.csproj", "{6142256D-616B-4BDD-860D-A99765E0ED94}"
EndProject
Project("{FAE04EC0-301F-11D3-BF4B-00C04F79EFBC}") = "Test", "Test\Test.csproj", "{6C26DEBB-475D-4F04-97BC-FCC5A67DFF5F}"
EndProject
Project("{FAE04EC0-301F-11D3-BF4B-00C04F79EFBC}") = "WebApi", "WebApi\WebApi.csproj", "{9F57CD52-0020-4278-9BD1-C98C2753A9AF}"
EndProject
Project("{FAE04EC0-301F-11D3-BF4B-00C04F79EFBC}") = "WebApi.Tests", "WebApi.Tests\WebApi.Tests.csproj", "{AA3F563F-15A9-4EEF-9486-2854EDD8BA55}"
EndProject
Global
	GlobalSection(SolutionConfigurationPlatforms) = preSolution
		Debug|Any CPU = Debug|Any CPU
		Release|Any CPU = Release|Any CPU
	EndGlobalSection
	GlobalSection(ProjectConfigurationPlatforms) = postSolution
		{B937848C-925D-4CE9-9A9E-DAC19AC0C5FA}.Debug|Any CPU.ActiveCfg = Debug|Any CPU
		{B937848C-925D-4CE9-9A9E-DAC19AC0C5FA}.Debug|Any CPU.Build.0 = Debug|Any CPU
		{B937848C-925D-4CE9-9A9E-DAC19AC0C5FA}.Release|Any CPU.ActiveCfg = Release|Any CPU
		{B937848C-925D-4CE9-9A9E-DAC19AC0C5FA}.Release|Any CPU.Build.0 = Release|Any CPU
		{6142256D-616B-4BDD-860D-A99765E0ED94}.Debug|Any CPU.ActiveCfg = Debug|Any CPU
		{6142256D-616B-4BDD-860D-A99765E0ED94}.Debug|Any CPU.Build.0 = Debug|Any CPU
		{6142256D-616B-4BDD-860D-A99765E0ED94}.Release|Any CPU.ActiveCfg = Release|Any CPU
		{6142256D-616B-4BDD-860D-A99765E0ED94}.Release|Any CPU.Build.0 = Release|Any CPU
		{6C26DEBB-475D-4F04-97BC-FCC5A67DFF5F}.Debug|Any CPU.ActiveCfg = Debug|Any CPU
		{6C26DEBB-475D-4F04-97BC-FCC5A67DFF5F}.Debug|Any CPU.Build.0 = Debug|Any CPU
		{6C26DEBB-475D-4F04-97BC-FCC5A67DFF5F}.Release|Any CPU.ActiveCfg = Release|Any CPU
		{6C26DEBB-475D-4F04-97BC-FCC5A67DFF5F}.Release|Any CPU.Build.0 = Release|Any CPU
		{9F57CD52-0020-4278-9BD1-C98C2753A9AF}.Debug|Any CPU.ActiveCfg = Debug|Any CPU
		{9F57CD52-0020-4278-9BD1-C98C2753A9AF}.Debug|Any CPU.Build.0 = Debug|Any CPU
		{9F57CD52-0020-4278-9BD1-C98C2753A9AF}.Release|Any CPU.ActiveCfg = Release|Any CPU
		{9F57CD52-0020-4278-9BD1-C98C2753A9AF}.Release|Any CPU.Build.0 = Release|Any CPU
		{AA3F563F-15A9-4EEF-9486-2854EDD8BA55}.Debug|Any CPU.ActiveCfg = Debug|Any CPU
		{AA3F563F-15A9-4EEF-9486-2854EDD8BA55}.Debug|Any CPU.Build.0 = Debug|Any CPU
		{AA3F563F-15A9-4EEF-9486-2854EDD8BA55}.Release|Any CPU.ActiveCfg = Release|Any CPU
		{AA3F563F-15A9-4EEF-9486-2854EDD8BA55}.Release|Any CPU.Build.0 = Release|Any CPU
	EndGlobalSection
	GlobalSection(SolutionProperties) = preSolution
		HideSolutionNode = FALSE
	EndGlobalSection
	GlobalSection(ExtensibilityGlobals) = postSolution
		SolutionGuid = {45FF0B5F-0B5A-4E32-82C9-74FE1233AFEF}
	EndGlobalSection
EndGlobal
